
Microsoft Visual Studio Solution File, Format Version 12.00
# Visual Studio Version 16
VisualStudioVersion = 16.0.31702.278
MinimumVisualStudioVersion = 10.0.40219.1
Project("{2150E333-8FDC-42A3-9474-1A3956D46DE8}") = "src", "src", "{C6327E38-4B63-44E5-B0BE-3F505AD02E22}"
EndProject
Project("{2150E333-8FDC-42A3-9474-1A3956D46DE8}") = "API", "API", "{9CDF4E94-72AE-4F10-868C-65C3EA77E995}"
EndProject
Project("{2150E333-8FDC-42A3-9474-1A3956D46DE8}") = "Core", "Core", "{CCE7423C-6573-4CA7-AFC6-3F970ADC8A91}"
EndProject
Project("{2150E333-8FDC-42A3-9474-1A3956D46DE8}") = "Infrastructure", "Infrastructure", "{F94BC042-E4EB-4AEC-8708-4C021D999E6E}"
EndProject
Project("{2150E333-8FDC-42A3-9474-1A3956D46DE8}") = "UI", "UI", "{888DAD54-38FE-4AA5-A246-02DEBE48EB75}"
EndProject
Project("{2150E333-8FDC-42A3-9474-1A3956D46DE8}") = "test", "test", "{B1B40AC1-F900-4A3E-8E64-FFAA7F752E11}"
EndProject
Project("{9A19103F-16F7-4668-BE54-9A1E7A4F7556}") = "HRManagment.Domain", "HRManagment.Domain\HRManagment.Domain.csproj", "{E6BF03B8-7CED-4BB6-94A5-E705DF9F48EE}"
EndProject
Project("{9A19103F-16F7-4668-BE54-9A1E7A4F7556}") = "HRManagment.Application", "HRManagment.Application\HRManagment.Application.csproj", "{A16EAEB4-1AFB-4491-BDCF-14AFC6E86649}"
EndProject
Project("{9A19103F-16F7-4668-BE54-9A1E7A4F7556}") = "HRManagment.Infrastructure", "HRManagment.Infrastructure\HRManagment.Infrastructure.csproj", "{2EFC7135-D3DB-48B6-AE8E-DFBC40B8749F}"
EndProject
Project("{9A19103F-16F7-4668-BE54-9A1E7A4F7556}") = "HRManagment.Persistence", "HRManagment.Persistence\HRManagment.Persistence.csproj", "{A4A4B634-EEFE-424E-B841-602AF9327F24}"
EndProject
Project("{9A19103F-16F7-4668-BE54-9A1E7A4F7556}") = "HR.LeaveManagement.Api", "HR.LeaveManagement.Api\HR.LeaveManagement.Api.csproj", "{821CFDE3-3218-40D1-BCF9-5AC6D4EEAC14}"
EndProject
Project("{9A19103F-16F7-4668-BE54-9A1E7A4F7556}") = "HRManagment.UnitTests", "HRManagment.UnitTests\HRManagment.UnitTests.csproj", "{77E3E267-F56E-4D17-8916-E2D017DD2476}"
EndProject
Project("{9A19103F-16F7-4668-BE54-9A1E7A4F7556}") = "HRManagment.MVC", "HR.Managment.MVC\HRManagment.MVC.csproj", "{8AE1408B-B7EC-4C67-A7F9-FA08841D00AB}"
EndProject
Project("{FAE04EC0-301F-11D3-BF4B-00C04F79EFBC}") = "HRLeaveManagment.Identity", "HRLeaveManagment.Identity\HRLeaveManagment.Identity.csproj", "{979E43E7-3D29-4458-8BA2-2752FF236CC9}"
EndProject
Global
	GlobalSection(SolutionConfigurationPlatforms) = preSolution
		Debug|Any CPU = Debug|Any CPU
		Release|Any CPU = Release|Any CPU
	EndGlobalSection
	GlobalSection(ProjectConfigurationPlatforms) = postSolution
		{E6BF03B8-7CED-4BB6-94A5-E705DF9F48EE}.Debug|Any CPU.ActiveCfg = Debug|Any CPU
		{E6BF03B8-7CED-4BB6-94A5-E705DF9F48EE}.Debug|Any CPU.Build.0 = Debug|Any CPU
		{E6BF03B8-7CED-4BB6-94A5-E705DF9F48EE}.Release|Any CPU.ActiveCfg = Release|Any CPU
		{E6BF03B8-7CED-4BB6-94A5-E705DF9F48EE}.Release|Any CPU.Build.0 = Release|Any CPU
		{A16EAEB4-1AFB-4491-BDCF-14AFC6E86649}.Debug|Any CPU.ActiveCfg = Debug|Any CPU
		{A16EAEB4-1AFB-4491-BDCF-14AFC6E86649}.Debug|Any CPU.Build.0 = Debug|Any CPU
		{A16EAEB4-1AFB-4491-BDCF-14AFC6E86649}.Release|Any CPU.ActiveCfg = Release|Any CPU
		{A16EAEB4-1AFB-4491-BDCF-14AFC6E86649}.Release|Any CPU.Build.0 = Release|Any CPU
		{2EFC7135-D3DB-48B6-AE8E-DFBC40B8749F}.Debug|Any CPU.ActiveCfg = Debug|Any CPU
		{2EFC7135-D3DB-48B6-AE8E-DFBC40B8749F}.Debug|Any CPU.Build.0 = Debug|Any CPU
		{2EFC7135-D3DB-48B6-AE8E-DFBC40B8749F}.Release|Any CPU.ActiveCfg = Release|Any CPU
		{2EFC7135-D3DB-48B6-AE8E-DFBC40B8749F}.Release|Any CPU.Build.0 = Release|Any CPU
		{A4A4B634-EEFE-424E-B841-602AF9327F24}.Debug|Any CPU.ActiveCfg = Debug|Any CPU
		{A4A4B634-EEFE-424E-B841-602AF9327F24}.Debug|Any CPU.Build.0 = Debug|Any CPU
		{A4A4B634-EEFE-424E-B841-602AF9327F24}.Release|Any CPU.ActiveCfg = Release|Any CPU
		{A4A4B634-EEFE-424E-B841-602AF9327F24}.Release|Any CPU.Build.0 = Release|Any CPU
		{821CFDE3-3218-40D1-BCF9-5AC6D4EEAC14}.Debug|Any CPU.ActiveCfg = Debug|Any CPU
		{821CFDE3-3218-40D1-BCF9-5AC6D4EEAC14}.Debug|Any CPU.Build.0 = Debug|Any CPU
		{821CFDE3-3218-40D1-BCF9-5AC6D4EEAC14}.Release|Any CPU.ActiveCfg = Release|Any CPU
		{821CFDE3-3218-40D1-BCF9-5AC6D4EEAC14}.Release|Any CPU.Build.0 = Release|Any CPU
		{77E3E267-F56E-4D17-8916-E2D017DD2476}.Debug|Any CPU.ActiveCfg = Debug|Any CPU
		{77E3E267-F56E-4D17-8916-E2D017DD2476}.Debug|Any CPU.Build.0 = Debug|Any CPU
		{77E3E267-F56E-4D17-8916-E2D017DD2476}.Release|Any CPU.ActiveCfg = Release|Any CPU
		{77E3E267-F56E-4D17-8916-E2D017DD2476}.Release|Any CPU.Build.0 = Release|Any CPU
		{8AE1408B-B7EC-4C67-A7F9-FA08841D00AB}.Debug|Any CPU.ActiveCfg = Debug|Any CPU
		{8AE1408B-B7EC-4C67-A7F9-FA08841D00AB}.Debug|Any CPU.Build.0 = Debug|Any CPU
		{8AE1408B-B7EC-4C67-A7F9-FA08841D00AB}.Release|Any CPU.ActiveCfg = Release|Any CPU
		{8AE1408B-B7EC-4C67-A7F9-FA08841D00AB}.Release|Any CPU.Build.0 = Release|Any CPU
		{979E43E7-3D29-4458-8BA2-2752FF236CC9}.Debug|Any CPU.ActiveCfg = Debug|Any CPU
		{979E43E7-3D29-4458-8BA2-2752FF236CC9}.Debug|Any CPU.Build.0 = Debug|Any CPU
		{979E43E7-3D29-4458-8BA2-2752FF236CC9}.Release|Any CPU.ActiveCfg = Release|Any CPU
		{979E43E7-3D29-4458-8BA2-2752FF236CC9}.Release|Any CPU.Build.0 = Release|Any CPU
	EndGlobalSection
	GlobalSection(SolutionProperties) = preSolution
		HideSolutionNode = FALSE
	EndGlobalSection
	GlobalSection(NestedProjects) = preSolution
		{9CDF4E94-72AE-4F10-868C-65C3EA77E995} = {C6327E38-4B63-44E5-B0BE-3F505AD02E22}
		{CCE7423C-6573-4CA7-AFC6-3F970ADC8A91} = {C6327E38-4B63-44E5-B0BE-3F505AD02E22}
		{F94BC042-E4EB-4AEC-8708-4C021D999E6E} = {C6327E38-4B63-44E5-B0BE-3F505AD02E22}
		{888DAD54-38FE-4AA5-A246-02DEBE48EB75} = {C6327E38-4B63-44E5-B0BE-3F505AD02E22}
		{E6BF03B8-7CED-4BB6-94A5-E705DF9F48EE} = {CCE7423C-6573-4CA7-AFC6-3F970ADC8A91}
		{A16EAEB4-1AFB-4491-BDCF-14AFC6E86649} = {CCE7423C-6573-4CA7-AFC6-3F970ADC8A91}
		{2EFC7135-D3DB-48B6-AE8E-DFBC40B8749F} = {F94BC042-E4EB-4AEC-8708-4C021D999E6E}
		{A4A4B634-EEFE-424E-B841-602AF9327F24} = {F94BC042-E4EB-4AEC-8708-4C021D999E6E}
		{821CFDE3-3218-40D1-BCF9-5AC6D4EEAC14} = {9CDF4E94-72AE-4F10-868C-65C3EA77E995}
		{77E3E267-F56E-4D17-8916-E2D017DD2476} = {B1B40AC1-F900-4A3E-8E64-FFAA7F752E11}
		{8AE1408B-B7EC-4C67-A7F9-FA08841D00AB} = {888DAD54-38FE-4AA5-A246-02DEBE48EB75}
		{979E43E7-3D29-4458-8BA2-2752FF236CC9} = {F94BC042-E4EB-4AEC-8708-4C021D999E6E}
	EndGlobalSection
	GlobalSection(ExtensibilityGlobals) = postSolution
		SolutionGuid = {7B923F44-D539-4E2B-BF69-85976B120C91}
	EndGlobalSection
EndGlobal
